// !$*UTF8*$!
{
	archiveVersion = 1;
	classes = {
	};
	objectVersion = 56;
	objects = {

/* Begin PBXBuildFile section */
		8CACA1EA2A3AF6740041828B /* AppDelegate.swift in Sources */ = {isa = PBXBuildFile; fileRef = 8CACA1E92A3AF6740041828B /* AppDelegate.swift */; };
		8CACA1EC2A3AF6740041828B /* SceneDelegate.swift in Sources */ = {isa = PBXBuildFile; fileRef = 8CACA1EB2A3AF6740041828B /* SceneDelegate.swift */; };
		8CACA1EE2A3AF6740041828B /* RMTapViewController.swift in Sources */ = {isa = PBXBuildFile; fileRef = 8CACA1ED2A3AF6740041828B /* RMTapViewController.swift */; };
		8CACA1F32A3AF6760041828B /* Assets.xcassets in Resources */ = {isa = PBXBuildFile; fileRef = 8CACA1F22A3AF6760041828B /* Assets.xcassets */; };
		8CACA1F62A3AF6760041828B /* LaunchScreen.storyboard in Resources */ = {isa = PBXBuildFile; fileRef = 8CACA1F42A3AF6760041828B /* LaunchScreen.storyboard */; };
		8CACA2012A3AF6760041828B /* RickAndMortyTests.swift in Sources */ = {isa = PBXBuildFile; fileRef = 8CACA2002A3AF6760041828B /* RickAndMortyTests.swift */; };
		8CACA20B2A3AF6760041828B /* RickAndMortyUITests.swift in Sources */ = {isa = PBXBuildFile; fileRef = 8CACA20A2A3AF6760041828B /* RickAndMortyUITests.swift */; };
		8CACA20D2A3AF6760041828B /* RickAndMortyUITestsLaunchTests.swift in Sources */ = {isa = PBXBuildFile; fileRef = 8CACA20C2A3AF6760041828B /* RickAndMortyUITestsLaunchTests.swift */; };
		8CACA2232A3AFA8B0041828B /* RMLocation.swift in Sources */ = {isa = PBXBuildFile; fileRef = 8CACA2222A3AFA8B0041828B /* RMLocation.swift */; };
		8CACA2262A3AFAB60041828B /* RMCharacter.swift in Sources */ = {isa = PBXBuildFile; fileRef = 8CACA2252A3AFAB60041828B /* RMCharacter.swift */; };
		8CACA2282A3AFACC0041828B /* RMEpisode.swift in Sources */ = {isa = PBXBuildFile; fileRef = 8CACA2272A3AFACC0041828B /* RMEpisode.swift */; };
		8CACA22B2A3AFD250041828B /* RMCharacterViewController.swift in Sources */ = {isa = PBXBuildFile; fileRef = 8CACA22A2A3AFD250041828B /* RMCharacterViewController.swift */; };
		8CACA22D2A3AFD3F0041828B /* RMLocationViewController.swift in Sources */ = {isa = PBXBuildFile; fileRef = 8CACA22C2A3AFD3F0041828B /* RMLocationViewController.swift */; };
		8CACA22F2A3AFD690041828B /* RMEpisodViewController.swift in Sources */ = {isa = PBXBuildFile; fileRef = 8CACA22E2A3AFD690041828B /* RMEpisodViewController.swift */; };
		8CACA2312A3AFD7D0041828B /* RMSettingViewController.swift in Sources */ = {isa = PBXBuildFile; fileRef = 8CACA2302A3AFD7D0041828B /* RMSettingViewController.swift */; };
		8CACA2332A3B30D70041828B /* RMService.swift in Sources */ = {isa = PBXBuildFile; fileRef = 8CACA2322A3B30D70041828B /* RMService.swift */; };
		8CACA2352A3B30F80041828B /* RMRequest.swift in Sources */ = {isa = PBXBuildFile; fileRef = 8CACA2342A3B30F80041828B /* RMRequest.swift */; };
		8CACA2372A3B32250041828B /* RMEndpoint.swift in Sources */ = {isa = PBXBuildFile; fileRef = 8CACA2362A3B32250041828B /* RMEndpoint.swift */; };
		8CACA2392A3DFB9C0041828B /* RMOrigin.swift in Sources */ = {isa = PBXBuildFile; fileRef = 8CACA2382A3DFB9C0041828B /* RMOrigin.swift */; };
		8CACA23B2A3DFBDC0041828B /* RMLSingelLocation.swift in Sources */ = {isa = PBXBuildFile; fileRef = 8CACA23A2A3DFBDC0041828B /* RMLSingelLocation.swift */; };
		8CACA23D2A3E02C10041828B /* RMCharacterStatus.swift in Sources */ = {isa = PBXBuildFile; fileRef = 8CACA23C2A3E02C10041828B /* RMCharacterStatus.swift */; };
		8CACA23F2A3E06990041828B /* RMCharacterGender.swift in Sources */ = {isa = PBXBuildFile; fileRef = 8CACA23E2A3E06990041828B /* RMCharacterGender.swift */; };
/* End PBXBuildFile section */

/* Begin PBXContainerItemProxy section */
		8CACA1FD2A3AF6760041828B /* PBXContainerItemProxy */ = {
			isa = PBXContainerItemProxy;
			containerPortal = 8CACA1DE2A3AF6740041828B /* Project object */;
			proxyType = 1;
			remoteGlobalIDString = 8CACA1E52A3AF6740041828B;
			remoteInfo = RickAndMorty;
		};
		8CACA2072A3AF6760041828B /* PBXContainerItemProxy */ = {
			isa = PBXContainerItemProxy;
			containerPortal = 8CACA1DE2A3AF6740041828B /* Project object */;
			proxyType = 1;
			remoteGlobalIDString = 8CACA1E52A3AF6740041828B;
			remoteInfo = RickAndMorty;
		};
/* End PBXContainerItemProxy section */

/* Begin PBXFileReference section */
		8CACA1E62A3AF6740041828B /* RickAndMorty.app */ = {isa = PBXFileReference; explicitFileType = wrapper.application; includeInIndex = 0; path = RickAndMorty.app; sourceTree = BUILT_PRODUCTS_DIR; };
		8CACA1E92A3AF6740041828B /* AppDelegate.swift */ = {isa = PBXFileReference; lastKnownFileType = sourcecode.swift; path = AppDelegate.swift; sourceTree = "<group>"; };
		8CACA1EB2A3AF6740041828B /* SceneDelegate.swift */ = {isa = PBXFileReference; lastKnownFileType = sourcecode.swift; path = SceneDelegate.swift; sourceTree = "<group>"; };
		8CACA1ED2A3AF6740041828B /* RMTapViewController.swift */ = {isa = PBXFileReference; lastKnownFileType = sourcecode.swift; path = RMTapViewController.swift; sourceTree = "<group>"; };
		8CACA1F22A3AF6760041828B /* Assets.xcassets */ = {isa = PBXFileReference; lastKnownFileType = folder.assetcatalog; path = Assets.xcassets; sourceTree = "<group>"; };
		8CACA1F52A3AF6760041828B /* Base */ = {isa = PBXFileReference; lastKnownFileType = file.storyboard; name = Base; path = Base.lproj/LaunchScreen.storyboard; sourceTree = "<group>"; };
		8CACA1F72A3AF6760041828B /* Info.plist */ = {isa = PBXFileReference; lastKnownFileType = text.plist.xml; path = Info.plist; sourceTree = "<group>"; };
		8CACA1FC2A3AF6760041828B /* RickAndMortyTests.xctest */ = {isa = PBXFileReference; explicitFileType = wrapper.cfbundle; includeInIndex = 0; path = RickAndMortyTests.xctest; sourceTree = BUILT_PRODUCTS_DIR; };
		8CACA2002A3AF6760041828B /* RickAndMortyTests.swift */ = {isa = PBXFileReference; lastKnownFileType = sourcecode.swift; path = RickAndMortyTests.swift; sourceTree = "<group>"; };
		8CACA2062A3AF6760041828B /* RickAndMortyUITests.xctest */ = {isa = PBXFileReference; explicitFileType = wrapper.cfbundle; includeInIndex = 0; path = RickAndMortyUITests.xctest; sourceTree = BUILT_PRODUCTS_DIR; };
		8CACA20A2A3AF6760041828B /* RickAndMortyUITests.swift */ = {isa = PBXFileReference; lastKnownFileType = sourcecode.swift; path = RickAndMortyUITests.swift; sourceTree = "<group>"; };
		8CACA20C2A3AF6760041828B /* RickAndMortyUITestsLaunchTests.swift */ = {isa = PBXFileReference; lastKnownFileType = sourcecode.swift; path = RickAndMortyUITestsLaunchTests.swift; sourceTree = "<group>"; };
		8CACA2222A3AFA8B0041828B /* RMLocation.swift */ = {isa = PBXFileReference; lastKnownFileType = sourcecode.swift; path = RMLocation.swift; sourceTree = "<group>"; };
		8CACA2252A3AFAB60041828B /* RMCharacter.swift */ = {isa = PBXFileReference; lastKnownFileType = sourcecode.swift; path = RMCharacter.swift; sourceTree = "<group>"; };
		8CACA2272A3AFACC0041828B /* RMEpisode.swift */ = {isa = PBXFileReference; lastKnownFileType = sourcecode.swift; path = RMEpisode.swift; sourceTree = "<group>"; };
		8CACA22A2A3AFD250041828B /* RMCharacterViewController.swift */ = {isa = PBXFileReference; lastKnownFileType = sourcecode.swift; path = RMCharacterViewController.swift; sourceTree = "<group>"; };
		8CACA22C2A3AFD3F0041828B /* RMLocationViewController.swift */ = {isa = PBXFileReference; lastKnownFileType = sourcecode.swift; path = RMLocationViewController.swift; sourceTree = "<group>"; };
		8CACA22E2A3AFD690041828B /* RMEpisodViewController.swift */ = {isa = PBXFileReference; lastKnownFileType = sourcecode.swift; path = RMEpisodViewController.swift; sourceTree = "<group>"; };
		8CACA2302A3AFD7D0041828B /* RMSettingViewController.swift */ = {isa = PBXFileReference; lastKnownFileType = sourcecode.swift; path = RMSettingViewController.swift; sourceTree = "<group>"; };
		8CACA2322A3B30D70041828B /* RMService.swift */ = {isa = PBXFileReference; lastKnownFileType = sourcecode.swift; path = RMService.swift; sourceTree = "<group>"; };
		8CACA2342A3B30F80041828B /* RMRequest.swift */ = {isa = PBXFileReference; lastKnownFileType = sourcecode.swift; path = RMRequest.swift; sourceTree = "<group>"; };
		8CACA2362A3B32250041828B /* RMEndpoint.swift */ = {isa = PBXFileReference; lastKnownFileType = sourcecode.swift; path = RMEndpoint.swift; sourceTree = "<group>"; };
		8CACA2382A3DFB9C0041828B /* RMOrigin.swift */ = {isa = PBXFileReference; lastKnownFileType = sourcecode.swift; path = RMOrigin.swift; sourceTree = "<group>"; };
		8CACA23A2A3DFBDC0041828B /* RMLSingelLocation.swift */ = {isa = PBXFileReference; lastKnownFileType = sourcecode.swift; path = RMLSingelLocation.swift; sourceTree = "<group>"; };
		8CACA23C2A3E02C10041828B /* RMCharacterStatus.swift */ = {isa = PBXFileReference; lastKnownFileType = sourcecode.swift; path = RMCharacterStatus.swift; sourceTree = "<group>"; };
		8CACA23E2A3E06990041828B /* RMCharacterGender.swift */ = {isa = PBXFileReference; lastKnownFileType = sourcecode.swift; path = RMCharacterGender.swift; sourceTree = "<group>"; };
/* End PBXFileReference section */

/* Begin PBXFrameworksBuildPhase section */
		8CACA1E32A3AF6740041828B /* Frameworks */ = {
			isa = PBXFrameworksBuildPhase;
			buildActionMask = 2147483647;
			files = (
			);
			runOnlyForDeploymentPostprocessing = 0;
		};
		8CACA1F92A3AF6760041828B /* Frameworks */ = {
			isa = PBXFrameworksBuildPhase;
			buildActionMask = 2147483647;
			files = (
			);
			runOnlyForDeploymentPostprocessing = 0;
		};
		8CACA2032A3AF6760041828B /* Frameworks */ = {
			isa = PBXFrameworksBuildPhase;
			buildActionMask = 2147483647;
			files = (
			);
			runOnlyForDeploymentPostprocessing = 0;
		};
/* End PBXFrameworksBuildPhase section */

/* Begin PBXGroup section */
		8CACA1DD2A3AF6740041828B = {
			isa = PBXGroup;
			children = (
				8CACA1E82A3AF6740041828B /* RickAndMorty */,
				8CACA1FF2A3AF6760041828B /* RickAndMortyTests */,
				8CACA2092A3AF6760041828B /* RickAndMortyUITests */,
				8CACA1E72A3AF6740041828B /* Products */,
			);
			sourceTree = "<group>";
		};
		8CACA1E72A3AF6740041828B /* Products */ = {
			isa = PBXGroup;
			children = (
				8CACA1E62A3AF6740041828B /* RickAndMorty.app */,
				8CACA1FC2A3AF6760041828B /* RickAndMortyTests.xctest */,
				8CACA2062A3AF6760041828B /* RickAndMortyUITests.xctest */,
			);
			name = Products;
			sourceTree = "<group>";
		};
		8CACA1E82A3AF6740041828B /* RickAndMorty */ = {
			isa = PBXGroup;
			children = (
				8CACA21A2A3AF8850041828B /* Src */,
				8CACA1F72A3AF6760041828B /* Info.plist */,
			);
			path = RickAndMorty;
			sourceTree = "<group>";
		};
		8CACA1FF2A3AF6760041828B /* RickAndMortyTests */ = {
			isa = PBXGroup;
			children = (
				8CACA2002A3AF6760041828B /* RickAndMortyTests.swift */,
			);
			path = RickAndMortyTests;
			sourceTree = "<group>";
		};
		8CACA2092A3AF6760041828B /* RickAndMortyUITests */ = {
			isa = PBXGroup;
			children = (
				8CACA20A2A3AF6760041828B /* RickAndMortyUITests.swift */,
				8CACA20C2A3AF6760041828B /* RickAndMortyUITestsLaunchTests.swift */,
			);
			path = RickAndMortyUITests;
			sourceTree = "<group>";
		};
		8CACA21A2A3AF8850041828B /* Src */ = {
			isa = PBXGroup;
			children = (
				8CACA2212A3AF9220041828B /* Resources */,
				8CACA2202A3AF8ED0041828B /* Managers */,
				8CACA21F2A3AF8DE0041828B /* APIClient */,
				8CACA21E2A3AF8AF0041828B /* ViewModels */,
				8CACA21D2A3AF8A70041828B /* Views */,
				8CACA21C2A3AF89A0041828B /* Controllers */,
				8CACA21B2A3AF88E0041828B /* Models */,
			);
			path = Src;
			sourceTree = "<group>";
		};
		8CACA21B2A3AF88E0041828B /* Models */ = {
			isa = PBXGroup;
			children = (
				8CACA2222A3AFA8B0041828B /* RMLocation.swift */,
				8CACA2252A3AFAB60041828B /* RMCharacter.swift */,
				8CACA2272A3AFACC0041828B /* RMEpisode.swift */,
				8CACA2382A3DFB9C0041828B /* RMOrigin.swift */,
				8CACA23A2A3DFBDC0041828B /* RMLSingelLocation.swift */,
				8CACA23C2A3E02C10041828B /* RMCharacterStatus.swift */,
				8CACA23E2A3E06990041828B /* RMCharacterGender.swift */,
			);
			path = Models;
			sourceTree = "<group>";
		};
		8CACA21C2A3AF89A0041828B /* Controllers */ = {
			isa = PBXGroup;
			children = (
				8CACA2292A3AFCD80041828B /* Core */,
			);
			path = Controllers;
			sourceTree = "<group>";
		};
		8CACA21D2A3AF8A70041828B /* Views */ = {
			isa = PBXGroup;
			children = (
			);
			path = Views;
			sourceTree = "<group>";
		};
		8CACA21E2A3AF8AF0041828B /* ViewModels */ = {
			isa = PBXGroup;
			children = (
			);
			path = ViewModels;
			sourceTree = "<group>";
		};
		8CACA21F2A3AF8DE0041828B /* APIClient */ = {
			isa = PBXGroup;
			children = (
				8CACA2322A3B30D70041828B /* RMService.swift */,
				8CACA2342A3B30F80041828B /* RMRequest.swift */,
				8CACA2362A3B32250041828B /* RMEndpoint.swift */,
			);
			path = APIClient;
			sourceTree = "<group>";
		};
		8CACA2202A3AF8ED0041828B /* Managers */ = {
			isa = PBXGroup;
			children = (
			);
			path = Managers;
			sourceTree = "<group>";
		};
		8CACA2212A3AF9220041828B /* Resources */ = {
			isa = PBXGroup;
			children = (
				8CACA1F22A3AF6760041828B /* Assets.xcassets */,
				8CACA1F42A3AF6760041828B /* LaunchScreen.storyboard */,
				8CACA1EB2A3AF6740041828B /* SceneDelegate.swift */,
				8CACA1E92A3AF6740041828B /* AppDelegate.swift */,
			);
			path = Resources;
			sourceTree = "<group>";
		};
		8CACA2292A3AFCD80041828B /* Core */ = {
			isa = PBXGroup;
			children = (
				8CACA1ED2A3AF6740041828B /* RMTapViewController.swift */,
				8CACA22A2A3AFD250041828B /* RMCharacterViewController.swift */,
				8CACA22C2A3AFD3F0041828B /* RMLocationViewController.swift */,
				8CACA22E2A3AFD690041828B /* RMEpisodViewController.swift */,
				8CACA2302A3AFD7D0041828B /* RMSettingViewController.swift */,
			);
			path = Core;
			sourceTree = "<group>";
		};
/* End PBXGroup section */

/* Begin PBXNativeTarget section */
		8CACA1E52A3AF6740041828B /* RickAndMorty */ = {
			isa = PBXNativeTarget;
			buildConfigurationList = 8CACA2102A3AF6760041828B /* Build configuration list for PBXNativeTarget "RickAndMorty" */;
			buildPhases = (
				8CACA1E22A3AF6740041828B /* Sources */,
				8CACA1E32A3AF6740041828B /* Frameworks */,
				8CACA1E42A3AF6740041828B /* Resources */,
			);
			buildRules = (
			);
			dependencies = (
			);
			name = RickAndMorty;
			productName = RickAndMorty;
			productReference = 8CACA1E62A3AF6740041828B /* RickAndMorty.app */;
			productType = "com.apple.product-type.application";
		};
		8CACA1FB2A3AF6760041828B /* RickAndMortyTests */ = {
			isa = PBXNativeTarget;
			buildConfigurationList = 8CACA2132A3AF6760041828B /* Build configuration list for PBXNativeTarget "RickAndMortyTests" */;
			buildPhases = (
				8CACA1F82A3AF6760041828B /* Sources */,
				8CACA1F92A3AF6760041828B /* Frameworks */,
				8CACA1FA2A3AF6760041828B /* Resources */,
			);
			buildRules = (
			);
			dependencies = (
				8CACA1FE2A3AF6760041828B /* PBXTargetDependency */,
			);
			name = RickAndMortyTests;
			productName = RickAndMortyTests;
			productReference = 8CACA1FC2A3AF6760041828B /* RickAndMortyTests.xctest */;
			productType = "com.apple.product-type.bundle.unit-test";
		};
		8CACA2052A3AF6760041828B /* RickAndMortyUITests */ = {
			isa = PBXNativeTarget;
			buildConfigurationList = 8CACA2162A3AF6760041828B /* Build configuration list for PBXNativeTarget "RickAndMortyUITests" */;
			buildPhases = (
				8CACA2022A3AF6760041828B /* Sources */,
				8CACA2032A3AF6760041828B /* Frameworks */,
				8CACA2042A3AF6760041828B /* Resources */,
			);
			buildRules = (
			);
			dependencies = (
				8CACA2082A3AF6760041828B /* PBXTargetDependency */,
			);
			name = RickAndMortyUITests;
			productName = RickAndMortyUITests;
			productReference = 8CACA2062A3AF6760041828B /* RickAndMortyUITests.xctest */;
			productType = "com.apple.product-type.bundle.ui-testing";
		};
/* End PBXNativeTarget section */

/* Begin PBXProject section */
		8CACA1DE2A3AF6740041828B /* Project object */ = {
			isa = PBXProject;
			attributes = {
				BuildIndependentTargetsInParallel = 1;
				LastSwiftUpdateCheck = 1430;
				LastUpgradeCheck = 1430;
				TargetAttributes = {
					8CACA1E52A3AF6740041828B = {
						CreatedOnToolsVersion = 14.3;
					};
					8CACA1FB2A3AF6760041828B = {
						CreatedOnToolsVersion = 14.3;
						TestTargetID = 8CACA1E52A3AF6740041828B;
					};
					8CACA2052A3AF6760041828B = {
						CreatedOnToolsVersion = 14.3;
						TestTargetID = 8CACA1E52A3AF6740041828B;
					};
				};
			};
			buildConfigurationList = 8CACA1E12A3AF6740041828B /* Build configuration list for PBXProject "RickAndMorty" */;
			compatibilityVersion = "Xcode 14.0";
			developmentRegion = en;
			hasScannedForEncodings = 0;
			knownRegions = (
				en,
				Base,
			);
			mainGroup = 8CACA1DD2A3AF6740041828B;
			productRefGroup = 8CACA1E72A3AF6740041828B /* Products */;
			projectDirPath = "";
			projectRoot = "";
			targets = (
				8CACA1E52A3AF6740041828B /* RickAndMorty */,
				8CACA1FB2A3AF6760041828B /* RickAndMortyTests */,
				8CACA2052A3AF6760041828B /* RickAndMortyUITests */,
			);
		};
/* End PBXProject section */

/* Begin PBXResourcesBuildPhase section */
		8CACA1E42A3AF6740041828B /* Resources */ = {
			isa = PBXResourcesBuildPhase;
			buildActionMask = 2147483647;
			files = (
				8CACA1F62A3AF6760041828B /* LaunchScreen.storyboard in Resources */,
				8CACA1F32A3AF6760041828B /* Assets.xcassets in Resources */,
			);
			runOnlyForDeploymentPostprocessing = 0;
		};
		8CACA1FA2A3AF6760041828B /* Resources */ = {
			isa = PBXResourcesBuildPhase;
			buildActionMask = 2147483647;
			files = (
			);
			runOnlyForDeploymentPostprocessing = 0;
		};
		8CACA2042A3AF6760041828B /* Resources */ = {
			isa = PBXResourcesBuildPhase;
			buildActionMask = 2147483647;
			files = (
			);
			runOnlyForDeploymentPostprocessing = 0;
		};
/* End PBXResourcesBuildPhase section */

/* Begin PBXSourcesBuildPhase section */
		8CACA1E22A3AF6740041828B /* Sources */ = {
			isa = PBXSourcesBuildPhase;
			buildActionMask = 2147483647;
			files = (
				8CACA2392A3DFB9C0041828B /* RMOrigin.swift in Sources */,
				8CACA22D2A3AFD3F0041828B /* RMLocationViewController.swift in Sources */,
				8CACA23D2A3E02C10041828B /* RMCharacterStatus.swift in Sources */,
				8CACA23F2A3E06990041828B /* RMCharacterGender.swift in Sources */,
				8CACA2282A3AFACC0041828B /* RMEpisode.swift in Sources */,
				8CACA1EE2A3AF6740041828B /* RMTapViewController.swift in Sources */,
				8CACA1EA2A3AF6740041828B /* AppDelegate.swift in Sources */,
				8CACA2312A3AFD7D0041828B /* RMSettingViewController.swift in Sources */,
				8CACA1EC2A3AF6740041828B /* SceneDelegate.swift in Sources */,
				8CACA22F2A3AFD690041828B /* RMEpisodViewController.swift in Sources */,
				8CACA2332A3B30D70041828B /* RMService.swift in Sources */,
				8CACA2232A3AFA8B0041828B /* RMLocation.swift in Sources */,
				8CACA2372A3B32250041828B /* RMEndpoint.swift in Sources */,
				8CACA2262A3AFAB60041828B /* RMCharacter.swift in Sources */,
				8CACA2352A3B30F80041828B /* RMRequest.swift in Sources */,
				8CACA23B2A3DFBDC0041828B /* RMLSingelLocation.swift in Sources */,
				8CACA22B2A3AFD250041828B /* RMCharacterViewController.swift in Sources */,
			);
			runOnlyForDeploymentPostprocessing = 0;
		};
		8CACA1F82A3AF6760041828B /* Sources */ = {
			isa = PBXSourcesBuildPhase;
			buildActionMask = 2147483647;
			files = (
				8CACA2012A3AF6760041828B /* RickAndMortyTests.swift in Sources */,
			);
			runOnlyForDeploymentPostprocessing = 0;
		};
		8CACA2022A3AF6760041828B /* Sources */ = {
			isa = PBXSourcesBuildPhase;
			buildActionMask = 2147483647;
			files = (
				8CACA20B2A3AF6760041828B /* RickAndMortyUITests.swift in Sources */,
				8CACA20D2A3AF6760041828B /* RickAndMortyUITestsLaunchTests.swift in Sources */,
			);
			runOnlyForDeploymentPostprocessing = 0;
		};
/* End PBXSourcesBuildPhase section */

/* Begin PBXTargetDependency section */
		8CACA1FE2A3AF6760041828B /* PBXTargetDependency */ = {
			isa = PBXTargetDependency;
			target = 8CACA1E52A3AF6740041828B /* RickAndMorty */;
			targetProxy = 8CACA1FD2A3AF6760041828B /* PBXContainerItemProxy */;
		};
		8CACA2082A3AF6760041828B /* PBXTargetDependency */ = {
			isa = PBXTargetDependency;
			target = 8CACA1E52A3AF6740041828B /* RickAndMorty */;
			targetProxy = 8CACA2072A3AF6760041828B /* PBXContainerItemProxy */;
		};
/* End PBXTargetDependency section */

/* Begin PBXVariantGroup section */
		8CACA1F42A3AF6760041828B /* LaunchScreen.storyboard */ = {
			isa = PBXVariantGroup;
			children = (
				8CACA1F52A3AF6760041828B /* Base */,
			);
			name = LaunchScreen.storyboard;
			sourceTree = "<group>";
		};
/* End PBXVariantGroup section */

/* Begin XCBuildConfiguration section */
		8CACA20E2A3AF6760041828B /* Debug */ = {
			isa = XCBuildConfiguration;
			buildSettings = {
				ALWAYS_SEARCH_USER_PATHS = NO;
				CLANG_ANALYZER_NONNULL = YES;
				CLANG_ANALYZER_NUMBER_OBJECT_CONVERSION = YES_AGGRESSIVE;
				CLANG_CXX_LANGUAGE_STANDARD = "gnu++20";
				CLANG_ENABLE_MODULES = YES;
				CLANG_ENABLE_OBJC_ARC = YES;
				CLANG_ENABLE_OBJC_WEAK = YES;
				CLANG_WARN_BLOCK_CAPTURE_AUTORELEASING = YES;
				CLANG_WARN_BOOL_CONVERSION = YES;
				CLANG_WARN_COMMA = YES;
				CLANG_WARN_CONSTANT_CONVERSION = YES;
				CLANG_WARN_DEPRECATED_OBJC_IMPLEMENTATIONS = YES;
				CLANG_WARN_DIRECT_OBJC_ISA_USAGE = YES_ERROR;
				CLANG_WARN_DOCUMENTATION_COMMENTS = YES;
				CLANG_WARN_EMPTY_BODY = YES;
				CLANG_WARN_ENUM_CONVERSION = YES;
				CLANG_WARN_INFINITE_RECURSION = YES;
				CLANG_WARN_INT_CONVERSION = YES;
				CLANG_WARN_NON_LITERAL_NULL_CONVERSION = YES;
				CLANG_WARN_OBJC_IMPLICIT_RETAIN_SELF = YES;
				CLANG_WARN_OBJC_LITERAL_CONVERSION = YES;
				CLANG_WARN_OBJC_ROOT_CLASS = YES_ERROR;
				CLANG_WARN_QUOTED_INCLUDE_IN_FRAMEWORK_HEADER = YES;
				CLANG_WARN_RANGE_LOOP_ANALYSIS = YES;
				CLANG_WARN_STRICT_PROTOTYPES = YES;
				CLANG_WARN_SUSPICIOUS_MOVE = YES;
				CLANG_WARN_UNGUARDED_AVAILABILITY = YES_AGGRESSIVE;
				CLANG_WARN_UNREACHABLE_CODE = YES;
				CLANG_WARN__DUPLICATE_METHOD_MATCH = YES;
				COPY_PHASE_STRIP = NO;
				DEBUG_INFORMATION_FORMAT = dwarf;
				ENABLE_STRICT_OBJC_MSGSEND = YES;
				ENABLE_TESTABILITY = YES;
				GCC_C_LANGUAGE_STANDARD = gnu11;
				GCC_DYNAMIC_NO_PIC = NO;
				GCC_NO_COMMON_BLOCKS = YES;
				GCC_OPTIMIZATION_LEVEL = 0;
				GCC_PREPROCESSOR_DEFINITIONS = (
					"DEBUG=1",
					"$(inherited)",
				);
				GCC_WARN_64_TO_32_BIT_CONVERSION = YES;
				GCC_WARN_ABOUT_RETURN_TYPE = YES_ERROR;
				GCC_WARN_UNDECLARED_SELECTOR = YES;
				GCC_WARN_UNINITIALIZED_AUTOS = YES_AGGRESSIVE;
				GCC_WARN_UNUSED_FUNCTION = YES;
				GCC_WARN_UNUSED_VARIABLE = YES;
				IPHONEOS_DEPLOYMENT_TARGET = 16.4;
				MTL_ENABLE_DEBUG_INFO = INCLUDE_SOURCE;
				MTL_FAST_MATH = YES;
				ONLY_ACTIVE_ARCH = YES;
				SDKROOT = iphoneos;
				SWIFT_ACTIVE_COMPILATION_CONDITIONS = DEBUG;
				SWIFT_OPTIMIZATION_LEVEL = "-Onone";
			};
			name = Debug;
		};
		8CACA20F2A3AF6760041828B /* Release */ = {
			isa = XCBuildConfiguration;
			buildSettings = {
				ALWAYS_SEARCH_USER_PATHS = NO;
				CLANG_ANALYZER_NONNULL = YES;
				CLANG_ANALYZER_NUMBER_OBJECT_CONVERSION = YES_AGGRESSIVE;
				CLANG_CXX_LANGUAGE_STANDARD = "gnu++20";
				CLANG_ENABLE_MODULES = YES;
				CLANG_ENABLE_OBJC_ARC = YES;
				CLANG_ENABLE_OBJC_WEAK = YES;
				CLANG_WARN_BLOCK_CAPTURE_AUTORELEASING = YES;
				CLANG_WARN_BOOL_CONVERSION = YES;
				CLANG_WARN_COMMA = YES;
				CLANG_WARN_CONSTANT_CONVERSION = YES;
				CLANG_WARN_DEPRECATED_OBJC_IMPLEMENTATIONS = YES;
				CLANG_WARN_DIRECT_OBJC_ISA_USAGE = YES_ERROR;
				CLANG_WARN_DOCUMENTATION_COMMENTS = YES;
				CLANG_WARN_EMPTY_BODY = YES;
				CLANG_WARN_ENUM_CONVERSION = YES;
				CLANG_WARN_INFINITE_RECURSION = YES;
				CLANG_WARN_INT_CONVERSION = YES;
				CLANG_WARN_NON_LITERAL_NULL_CONVERSION = YES;
				CLANG_WARN_OBJC_IMPLICIT_RETAIN_SELF = YES;
				CLANG_WARN_OBJC_LITERAL_CONVERSION = YES;
				CLANG_WARN_OBJC_ROOT_CLASS = YES_ERROR;
				CLANG_WARN_QUOTED_INCLUDE_IN_FRAMEWORK_HEADER = YES;
				CLANG_WARN_RANGE_LOOP_ANALYSIS = YES;
				CLANG_WARN_STRICT_PROTOTYPES = YES;
				CLANG_WARN_SUSPICIOUS_MOVE = YES;
				CLANG_WARN_UNGUARDED_AVAILABILITY = YES_AGGRESSIVE;
				CLANG_WARN_UNREACHABLE_CODE = YES;
				CLANG_WARN__DUPLICATE_METHOD_MATCH = YES;
				COPY_PHASE_STRIP = NO;
				DEBUG_INFORMATION_FORMAT = "dwarf-with-dsym";
				ENABLE_NS_ASSERTIONS = NO;
				ENABLE_STRICT_OBJC_MSGSEND = YES;
				GCC_C_LANGUAGE_STANDARD = gnu11;
				GCC_NO_COMMON_BLOCKS = YES;
				GCC_WARN_64_TO_32_BIT_CONVERSION = YES;
				GCC_WARN_ABOUT_RETURN_TYPE = YES_ERROR;
				GCC_WARN_UNDECLARED_SELECTOR = YES;
				GCC_WARN_UNINITIALIZED_AUTOS = YES_AGGRESSIVE;
				GCC_WARN_UNUSED_FUNCTION = YES;
				GCC_WARN_UNUSED_VARIABLE = YES;
				IPHONEOS_DEPLOYMENT_TARGET = 16.4;
				MTL_ENABLE_DEBUG_INFO = NO;
				MTL_FAST_MATH = YES;
				SDKROOT = iphoneos;
				SWIFT_COMPILATION_MODE = wholemodule;
				SWIFT_OPTIMIZATION_LEVEL = "-O";
				VALIDATE_PRODUCT = YES;
			};
			name = Release;
		};
		8CACA2112A3AF6760041828B /* Debug */ = {
			isa = XCBuildConfiguration;
			buildSettings = {
				ASSETCATALOG_COMPILER_APPICON_NAME = AppIcon;
				ASSETCATALOG_COMPILER_GLOBAL_ACCENT_COLOR_NAME = AccentColor;
				CODE_SIGN_STYLE = Automatic;
				CURRENT_PROJECT_VERSION = 1;
				DEVELOPMENT_TEAM = 9X8K7R4LG2;
				GENERATE_INFOPLIST_FILE = YES;
				INFOPLIST_FILE = RickAndMorty/Info.plist;
				INFOPLIST_KEY_UIApplicationSupportsIndirectInputEvents = YES;
				INFOPLIST_KEY_UILaunchStoryboardName = LaunchScreen;
				INFOPLIST_KEY_UISupportedInterfaceOrientations_iPad = "UIInterfaceOrientationPortrait UIInterfaceOrientationPortraitUpsideDown UIInterfaceOrientationLandscapeLeft UIInterfaceOrientationLandscapeRight";
				INFOPLIST_KEY_UISupportedInterfaceOrientations_iPhone = "UIInterfaceOrientationPortrait UIInterfaceOrientationLandscapeLeft UIInterfaceOrientationLandscapeRight";
				LD_RUNPATH_SEARCH_PATHS = (
					"$(inherited)",
					"@executable_path/Frameworks",
				);
				MARKETING_VERSION = 1.0;
				PRODUCT_BUNDLE_IDENTIFIER = com.rickandmorty.gowi.RickAndMorty;
				PRODUCT_NAME = "$(TARGET_NAME)";
				SWIFT_EMIT_LOC_STRINGS = YES;
				SWIFT_VERSION = 5.0;
				TARGETED_DEVICE_FAMILY = "1,2";
			};
			name = Debug;
		};
		8CACA2122A3AF6760041828B /* Release */ = {
			isa = XCBuildConfiguration;
			buildSettings = {
				ASSETCATALOG_COMPILER_APPICON_NAME = AppIcon;
				ASSETCATALOG_COMPILER_GLOBAL_ACCENT_COLOR_NAME = AccentColor;
				CODE_SIGN_STYLE = Automatic;
				CURRENT_PROJECT_VERSION = 1;
				DEVELOPMENT_TEAM = 9X8K7R4LG2;
				GENERATE_INFOPLIST_FILE = YES;
				INFOPLIST_FILE = RickAndMorty/Info.plist;
				INFOPLIST_KEY_UIApplicationSupportsIndirectInputEvents = YES;
				INFOPLIST_KEY_UILaunchStoryboardName = LaunchScreen;
				INFOPLIST_KEY_UISupportedInterfaceOrientations_iPad = "UIInterfaceOrientationPortrait UIInterfaceOrientationPortraitUpsideDown UIInterfaceOrientationLandscapeLeft UIInterfaceOrientationLandscapeRight";
				INFOPLIST_KEY_UISupportedInterfaceOrientations_iPhone = "UIInterfaceOrientationPortrait UIInterfaceOrientationLandscapeLeft UIInterfaceOrientationLandscapeRight";
				LD_RUNPATH_SEARCH_PATHS = (
					"$(inherited)",
					"@executable_path/Frameworks",
				);
				MARKETING_VERSION = 1.0;
				PRODUCT_BUNDLE_IDENTIFIER = com.rickandmorty.gowi.RickAndMorty;
				PRODUCT_NAME = "$(TARGET_NAME)";
				SWIFT_EMIT_LOC_STRINGS = YES;
				SWIFT_VERSION = 5.0;
				TARGETED_DEVICE_FAMILY = "1,2";
			};
			name = Release;
		};
		8CACA2142A3AF6760041828B /* Debug */ = {
			isa = XCBuildConfiguration;
			buildSettings = {
				ALWAYS_EMBED_SWIFT_STANDARD_LIBRARIES = YES;
				BUNDLE_LOADER = "$(TEST_HOST)";
				CODE_SIGN_STYLE = Automatic;
				CURRENT_PROJECT_VERSION = 1;
				DEVELOPMENT_TEAM = 9X8K7R4LG2;
				GENERATE_INFOPLIST_FILE = YES;
				IPHONEOS_DEPLOYMENT_TARGET = 16.4;
				MARKETING_VERSION = 1.0;
				PRODUCT_BUNDLE_IDENTIFIER = com.rickandmorty.gowi.RickAndMortyTests;
				PRODUCT_NAME = "$(TARGET_NAME)";
				SWIFT_EMIT_LOC_STRINGS = NO;
				SWIFT_VERSION = 5.0;
				TARGETED_DEVICE_FAMILY = "1,2";
				TEST_HOST = "$(BUILT_PRODUCTS_DIR)/RickAndMorty.app/$(BUNDLE_EXECUTABLE_FOLDER_PATH)/RickAndMorty";
			};
			name = Debug;
		};
		8CACA2152A3AF6760041828B /* Release */ = {
			isa = XCBuildConfiguration;
			buildSettings = {
				ALWAYS_EMBED_SWIFT_STANDARD_LIBRARIES = YES;
				BUNDLE_LOADER = "$(TEST_HOST)";
				CODE_SIGN_STYLE = Automatic;
				CURRENT_PROJECT_VERSION = 1;
				DEVELOPMENT_TEAM = 9X8K7R4LG2;
				GENERATE_INFOPLIST_FILE = YES;
				IPHONEOS_DEPLOYMENT_TARGET = 16.4;
				MARKETING_VERSION = 1.0;
				PRODUCT_BUNDLE_IDENTIFIER = com.rickandmorty.gowi.RickAndMortyTests;
				PRODUCT_NAME = "$(TARGET_NAME)";
				SWIFT_EMIT_LOC_STRINGS = NO;
				SWIFT_VERSION = 5.0;
				TARGETED_DEVICE_FAMILY = "1,2";
				TEST_HOST = "$(BUILT_PRODUCTS_DIR)/RickAndMorty.app/$(BUNDLE_EXECUTABLE_FOLDER_PATH)/RickAndMorty";
			};
			name = Release;
		};
		8CACA2172A3AF6760041828B /* Debug */ = {
			isa = XCBuildConfiguration;
			buildSettings = {
				ALWAYS_EMBED_SWIFT_STANDARD_LIBRARIES = YES;
				CODE_SIGN_STYLE = Automatic;
				CURRENT_PROJECT_VERSION = 1;
				DEVELOPMENT_TEAM = 9X8K7R4LG2;
				GENERATE_INFOPLIST_FILE = YES;
				MARKETING_VERSION = 1.0;
				PRODUCT_BUNDLE_IDENTIFIER = com.rickandmorty.gowi.RickAndMortyUITests;
				PRODUCT_NAME = "$(TARGET_NAME)";
				SWIFT_EMIT_LOC_STRINGS = NO;
				SWIFT_VERSION = 5.0;
				TARGETED_DEVICE_FAMILY = "1,2";
				TEST_TARGET_NAME = RickAndMorty;
			};
			name = Debug;
		};
		8CACA2182A3AF6760041828B /* Release */ = {
			isa = XCBuildConfiguration;
			buildSettings = {
				ALWAYS_EMBED_SWIFT_STANDARD_LIBRARIES = YES;
				CODE_SIGN_STYLE = Automatic;
				CURRENT_PROJECT_VERSION = 1;
				DEVELOPMENT_TEAM = 9X8K7R4LG2;
				GENERATE_INFOPLIST_FILE = YES;
				MARKETING_VERSION = 1.0;
				PRODUCT_BUNDLE_IDENTIFIER = com.rickandmorty.gowi.RickAndMortyUITests;
				PRODUCT_NAME = "$(TARGET_NAME)";
				SWIFT_EMIT_LOC_STRINGS = NO;
				SWIFT_VERSION = 5.0;
				TARGETED_DEVICE_FAMILY = "1,2";
				TEST_TARGET_NAME = RickAndMorty;
			};
			name = Release;
		};
/* End XCBuildConfiguration section */

/* Begin XCConfigurationList section */
		8CACA1E12A3AF6740041828B /* Build configuration list for PBXProject "RickAndMorty" */ = {
			isa = XCConfigurationList;
			buildConfigurations = (
				8CACA20E2A3AF6760041828B /* Debug */,
				8CACA20F2A3AF6760041828B /* Release */,
			);
			defaultConfigurationIsVisible = 0;
			defaultConfigurationName = Release;
		};
		8CACA2102A3AF6760041828B /* Build configuration list for PBXNativeTarget "RickAndMorty" */ = {
			isa = XCConfigurationList;
			buildConfigurations = (
				8CACA2112A3AF6760041828B /* Debug */,
				8CACA2122A3AF6760041828B /* Release */,
			);
			defaultConfigurationIsVisible = 0;
			defaultConfigurationName = Release;
		};
		8CACA2132A3AF6760041828B /* Build configuration list for PBXNativeTarget "RickAndMortyTests" */ = {
			isa = XCConfigurationList;
			buildConfigurations = (
				8CACA2142A3AF6760041828B /* Debug */,
				8CACA2152A3AF6760041828B /* Release */,
			);
			defaultConfigurationIsVisible = 0;
			defaultConfigurationName = Release;
		};
		8CACA2162A3AF6760041828B /* Build configuration list for PBXNativeTarget "RickAndMortyUITests" */ = {
			isa = XCConfigurationList;
			buildConfigurations = (
				8CACA2172A3AF6760041828B /* Debug */,
				8CACA2182A3AF6760041828B /* Release */,
			);
			defaultConfigurationIsVisible = 0;
			defaultConfigurationName = Release;
		};
/* End XCConfigurationList section */
	};
	rootObject = 8CACA1DE2A3AF6740041828B /* Project object */;
}
